Microsoft Visual Studio Solution File, Format Version 12.00
# Visual Studio Version 17
VisualStudioVersion = 17.5.2.0
MinimumVisualStudioVersion = 10.0.40219.1
Project("{2150E333-8FDC-42A3-9474-1A3956D46DE8}") = "Modolo01", "Modolo01", "{BB8BB864-7F88-92AA-1A36-CBF6F2BC16B4}"
EndProject
Project("{2150E333-8FDC-42A3-9474-1A3956D46DE8}") = "Modolo02", "Modolo02", "{3367CC89-F544-E198-9224-E085674530CF}"
EndProject
Project("{FAE04EC0-301F-11D3-BF4B-00C04F79EFBC}") = "Aula002", "Modolo01\Aula002\Aula002.csproj", "{19122C40-44DA-01ED-20A5-EA119223BE0E}"
EndProject
Project("{FAE04EC0-301F-11D3-BF4B-00C04F79EFBC}") = "Aula003", "Modolo01\Aula003\Aula003.csproj", "{C0FF07FB-3D3F-0EAB-2166-9C2369248326}"
EndProject
Project("{FAE04EC0-301F-11D3-BF4B-00C04F79EFBC}") = "Aula004", "Modolo01\Aula004\Aula004.csproj", "{9D9F030B-D306-AA55-1DF2-515EF23583D8}"
EndProject
Project("{FAE04EC0-301F-11D3-BF4B-00C04F79EFBC}") = "Aula005", "Modolo01\Aula005\Aula005.csproj", "{066A5DA9-3D11-BBD5-A6A5-36AD6805825C}"
EndProject
Project("{FAE04EC0-301F-11D3-BF4B-00C04F79EFBC}") = "Aula006", "Modolo01\Aula006\Aula006.csproj", "{D33CEC7F-993D-5BFA-8751-E95535295A44}"
EndProject
Project("{FAE04EC0-301F-11D3-BF4B-00C04F79EFBC}") = "Aula007", "Modolo01\Aula007\Aula007.csproj", "{F1F8DA62-B4B7-588C-B625-A845B35FA00F}"
EndProject
Project("{FAE04EC0-301F-11D3-BF4B-00C04F79EFBC}") = "Aula008", "Modolo01\Aula008\Aula008.csproj", "{655CC626-3DC1-B63F-1A35-6BE2CED26AD5}"
EndProject
Project("{FAE04EC0-301F-11D3-BF4B-00C04F79EFBC}") = "Aula009", "Modolo01\Aula009\Aula009.csproj", "{4978B84F-C7A7-CA30-79BD-69583BCF6F7A}"
EndProject
Project("{FAE04EC0-301F-11D3-BF4B-00C04F79EFBC}") = "Aula010", "Modolo01\Aula010\Aula010.csproj", "{94A16495-62A0-1FBF-9F12-591A50034FF4}"
EndProject
Project("{FAE04EC0-301F-11D3-BF4B-00C04F79EFBC}") = "Aula011", "Modolo01\Aula011\Aula011.csproj", "{36302EAC-8F47-ED6A-2C73-70B5CFC3513C}"
EndProject
Project("{FAE04EC0-301F-11D3-BF4B-00C04F79EFBC}") = "Aula012", "Modolo01\Aula012\Aula012.csproj", "{4049A75A-DE1C-7FD9-7A54-DB4656EF5CEC}"
EndProject
Project("{FAE04EC0-301F-11D3-BF4B-00C04F79EFBC}") = "exercicios", "Modolo01\Exercicios\exercicios.csproj", "{E92D44AB-2904-0681-7C15-3CC41F5951FC}"
EndProject
Project("{FAE04EC0-301F-11D3-BF4B-00C04F79EFBC}") = "Aula001", "Modolo02\Aula001\Aula001.csproj", "{1D40502D-4286-C400-F8DC-A7A5F9E5EBF9}"
EndProject
Global
	GlobalSection(SolutionConfigurationPlatforms) = preSolution
		Debug|Any CPU = Debug|Any CPU
		Release|Any CPU = Release|Any CPU
	EndGlobalSection
	GlobalSection(ProjectConfigurationPlatforms) = postSolution
		{19122C40-44DA-01ED-20A5-EA119223BE0E}.Debug|Any CPU.ActiveCfg = Debug|Any CPU
		{19122C40-44DA-01ED-20A5-EA119223BE0E}.Debug|Any CPU.Build.0 = Debug|Any CPU
		{19122C40-44DA-01ED-20A5-EA119223BE0E}.Release|Any CPU.ActiveCfg = Release|Any CPU
		{19122C40-44DA-01ED-20A5-EA119223BE0E}.Release|Any CPU.Build.0 = Release|Any CPU
		{C0FF07FB-3D3F-0EAB-2166-9C2369248326}.Debug|Any CPU.ActiveCfg = Debug|Any CPU
		{C0FF07FB-3D3F-0EAB-2166-9C2369248326}.Debug|Any CPU.Build.0 = Debug|Any CPU
		{C0FF07FB-3D3F-0EAB-2166-9C2369248326}.Release|Any CPU.ActiveCfg = Release|Any CPU
		{C0FF07FB-3D3F-0EAB-2166-9C2369248326}.Release|Any CPU.Build.0 = Release|Any CPU
		{9D9F030B-D306-AA55-1DF2-515EF23583D8}.Debug|Any CPU.ActiveCfg = Debug|Any CPU
		{9D9F030B-D306-AA55-1DF2-515EF23583D8}.Debug|Any CPU.Build.0 = Debug|Any CPU
		{9D9F030B-D306-AA55-1DF2-515EF23583D8}.Release|Any CPU.ActiveCfg = Release|Any CPU
		{9D9F030B-D306-AA55-1DF2-515EF23583D8}.Release|Any CPU.Build.0 = Release|Any CPU
		{066A5DA9-3D11-BBD5-A6A5-36AD6805825C}.Debug|Any CPU.ActiveCfg = Debug|Any CPU
		{066A5DA9-3D11-BBD5-A6A5-36AD6805825C}.Debug|Any CPU.Build.0 = Debug|Any CPU
		{066A5DA9-3D11-BBD5-A6A5-36AD6805825C}.Release|Any CPU.ActiveCfg = Release|Any CPU
		{066A5DA9-3D11-BBD5-A6A5-36AD6805825C}.Release|Any CPU.Build.0 = Release|Any CPU
		{D33CEC7F-993D-5BFA-8751-E95535295A44}.Debug|Any CPU.ActiveCfg = Debug|Any CPU
		{D33CEC7F-993D-5BFA-8751-E95535295A44}.Debug|Any CPU.Build.0 = Debug|Any CPU
		{D33CEC7F-993D-5BFA-8751-E95535295A44}.Release|Any CPU.ActiveCfg = Release|Any CPU
		{D33CEC7F-993D-5BFA-8751-E95535295A44}.Release|Any CPU.Build.0 = Release|Any CPU
		{F1F8DA62-B4B7-588C-B625-A845B35FA00F}.Debug|Any CPU.ActiveCfg = Debug|Any CPU
		{F1F8DA62-B4B7-588C-B625-A845B35FA00F}.Debug|Any CPU.Build.0 = Debug|Any CPU
		{F1F8DA62-B4B7-588C-B625-A845B35FA00F}.Release|Any CPU.ActiveCfg = Release|Any CPU
		{F1F8DA62-B4B7-588C-B625-A845B35FA00F}.Release|Any CPU.Build.0 = Release|Any CPU
		{655CC626-3DC1-B63F-1A35-6BE2CED26AD5}.Debug|Any CPU.ActiveCfg = Debug|Any CPU
		{655CC626-3DC1-B63F-1A35-6BE2CED26AD5}.Debug|Any CPU.Build.0 = Debug|Any CPU
		{655CC626-3DC1-B63F-1A35-6BE2CED26AD5}.Release|Any CPU.ActiveCfg = Release|Any CPU
		{655CC626-3DC1-B63F-1A35-6BE2CED26AD5}.Release|Any CPU.Build.0 = Release|Any CPU
		{4978B84F-C7A7-CA30-79BD-69583BCF6F7A}.Debug|Any CPU.ActiveCfg = Debug|Any CPU
		{4978B84F-C7A7-CA30-79BD-69583BCF6F7A}.Debug|Any CPU.Build.0 = Debug|Any CPU
		{4978B84F-C7A7-CA30-79BD-69583BCF6F7A}.Release|Any CPU.ActiveCfg = Release|Any CPU
		{4978B84F-C7A7-CA30-79BD-69583BCF6F7A}.Release|Any CPU.Build.0 = Release|Any CPU
		{94A16495-62A0-1FBF-9F12-591A50034FF4}.Debug|Any CPU.ActiveCfg = Debug|Any CPU
		{94A16495-62A0-1FBF-9F12-591A50034FF4}.Debug|Any CPU.Build.0 = Debug|Any CPU
		{94A16495-62A0-1FBF-9F12-591A50034FF4}.Release|Any CPU.ActiveCfg = Release|Any CPU
		{94A16495-62A0-1FBF-9F12-591A50034FF4}.Release|Any CPU.Build.0 = Release|Any CPU
		{36302EAC-8F47-ED6A-2C73-70B5CFC3513C}.Debug|Any CPU.ActiveCfg = Debug|Any CPU
		{36302EAC-8F47-ED6A-2C73-70B5CFC3513C}.Debug|Any CPU.Build.0 = Debug|Any CPU
		{36302EAC-8F47-ED6A-2C73-70B5CFC3513C}.Release|Any CPU.ActiveCfg = Release|Any CPU
		{36302EAC-8F47-ED6A-2C73-70B5CFC3513C}.Release|Any CPU.Build.0 = Release|Any CPU
		{4049A75A-DE1C-7FD9-7A54-DB4656EF5CEC}.Debug|Any CPU.ActiveCfg = Debug|Any CPU
		{4049A75A-DE1C-7FD9-7A54-DB4656EF5CEC}.Debug|Any CPU.Build.0 = Debug|Any CPU
		{4049A75A-DE1C-7FD9-7A54-DB4656EF5CEC}.Release|Any CPU.ActiveCfg = Release|Any CPU
		{4049A75A-DE1C-7FD9-7A54-DB4656EF5CEC}.Release|Any CPU.Build.0 = Release|Any CPU
		{E92D44AB-2904-0681-7C15-3CC41F5951FC}.Debug|Any CPU.ActiveCfg = Debug|Any CPU
		{E92D44AB-2904-0681-7C15-3CC41F5951FC}.Debug|Any CPU.Build.0 = Debug|Any CPU
		{E92D44AB-2904-0681-7C15-3CC41F5951FC}.Release|Any CPU.ActiveCfg = Release|Any CPU
		{E92D44AB-2904-0681-7C15-3CC41F5951FC}.Release|Any CPU.Build.0 = Release|Any CPU
		{1D40502D-4286-C400-F8DC-A7A5F9E5EBF9}.Debug|Any CPU.ActiveCfg = Debug|Any CPU
		{1D40502D-4286-C400-F8DC-A7A5F9E5EBF9}.Debug|Any CPU.Build.0 = Debug|Any CPU
		{1D40502D-4286-C400-F8DC-A7A5F9E5EBF9}.Release|Any CPU.ActiveCfg = Release|Any CPU
		{1D40502D-4286-C400-F8DC-A7A5F9E5EBF9}.Release|Any CPU.Build.0 = Release|Any CPU
	EndGlobalSection
	GlobalSection(SolutionProperties) = preSolution
		HideSolutionNode = FALSE
	EndGlobalSection
	GlobalSection(NestedProjects) = preSolution
		{19122C40-44DA-01ED-20A5-EA119223BE0E} = {BB8BB864-7F88-92AA-1A36-CBF6F2BC16B4}
		{C0FF07FB-3D3F-0EAB-2166-9C2369248326} = {BB8BB864-7F88-92AA-1A36-CBF6F2BC16B4}
		{9D9F030B-D306-AA55-1DF2-515EF23583D8} = {BB8BB864-7F88-92AA-1A36-CBF6F2BC16B4}
		{066A5DA9-3D11-BBD5-A6A5-36AD6805825C} = {BB8BB864-7F88-92AA-1A36-CBF6F2BC16B4}
		{D33CEC7F-993D-5BFA-8751-E95535295A44} = {BB8BB864-7F88-92AA-1A36-CBF6F2BC16B4}
		{F1F8DA62-B4B7-588C-B625-A845B35FA00F} = {BB8BB864-7F88-92AA-1A36-CBF6F2BC16B4}
		{655CC626-3DC1-B63F-1A35-6BE2CED26AD5} = {BB8BB864-7F88-92AA-1A36-CBF6F2BC16B4}
		{4978B84F-C7A7-CA30-79BD-69583BCF6F7A} = {BB8BB864-7F88-92AA-1A36-CBF6F2BC16B4}
		{94A16495-62A0-1FBF-9F12-591A50034FF4} = {BB8BB864-7F88-92AA-1A36-CBF6F2BC16B4}
		{36302EAC-8F47-ED6A-2C73-70B5CFC3513C} = {BB8BB864-7F88-92AA-1A36-CBF6F2BC16B4}
		{4049A75A-DE1C-7FD9-7A54-DB4656EF5CEC} = {BB8BB864-7F88-92AA-1A36-CBF6F2BC16B4}
		{E92D44AB-2904-0681-7C15-3CC41F5951FC} = {BB8BB864-7F88-92AA-1A36-CBF6F2BC16B4}
		{1D40502D-4286-C400-F8DC-A7A5F9E5EBF9} = {3367CC89-F544-E198-9224-E085674530CF}
	EndGlobalSection
	GlobalSection(ExtensibilityGlobals) = postSolution
		SolutionGuid = {8AFBB911-21DD-4EE2-AB45-FE2CB3269E82}
	EndGlobalSection
EndGlobal
