Microsoft Visual Studio Solution File, Format Version 12.00
# Visual Studio Version 17
VisualStudioVersion = 17.5.2.0
MinimumVisualStudioVersion = 10.0.40219.1
Project("{2150E333-8FDC-42A3-9474-1A3956D46DE8}") = "Modolo01", "Modolo01", "{BB8BB864-7F88-92AA-1A36-CBF6F2BC16B4}"
EndProject
Project("{2150E333-8FDC-42A3-9474-1A3956D46DE8}") = "Modolo02", "Modolo02", "{3367CC89-F544-E198-9224-E085674530CF}"
EndProject
Project("{2150E333-8FDC-42A3-9474-1A3956D46DE8}") = "Modolo03", "Modolo03", "{4C8999EA-16BF-44A5-517D-40BF3616689D}"
EndProject
Project("{2150E333-8FDC-42A3-9474-1A3956D46DE8}") = "POO01", "POO01", "{EA11F29B-121B-8D96-5B8B-610018C7E16E}"
EndProject
Project("{2150E333-8FDC-42A3-9474-1A3956D46DE8}") = "POO02", "POO02", "{625512FA-AAD2-D72E-C2D0-DB56E7C8286E}"
EndProject
Project("{2150E333-8FDC-42A3-9474-1A3956D46DE8}") = "POO03", "POO03", "{143963BA-991E-55B3-F18E-AC9E3812A5F3}"
EndProject
Project("{FAE04EC0-301F-11D3-BF4B-00C04F79EFBC}") = "Aula002", "Modolo01\Aula002\Aula002.csproj", "{19122C40-44DA-01ED-20A5-EA119223BE0E}"
EndProject
Project("{FAE04EC0-301F-11D3-BF4B-00C04F79EFBC}") = "Aula003", "Modolo01\Aula003\Aula003.csproj", "{C0FF07FB-3D3F-0EAB-2166-9C2369248326}"
EndProject
Project("{FAE04EC0-301F-11D3-BF4B-00C04F79EFBC}") = "Aula004", "Modolo01\Aula004\Aula004.csproj", "{9D9F030B-D306-AA55-1DF2-515EF23583D8}"
EndProject
Project("{FAE04EC0-301F-11D3-BF4B-00C04F79EFBC}") = "Aula005", "Modolo01\Aula005\Aula005.csproj", "{066A5DA9-3D11-BBD5-A6A5-36AD6805825C}"
EndProject
Project("{FAE04EC0-301F-11D3-BF4B-00C04F79EFBC}") = "Aula006", "Modolo01\Aula006\Aula006.csproj", "{D33CEC7F-993D-5BFA-8751-E95535295A44}"
EndProject
Project("{FAE04EC0-301F-11D3-BF4B-00C04F79EFBC}") = "Aula007", "Modolo01\Aula007\Aula007.csproj", "{F1F8DA62-B4B7-588C-B625-A845B35FA00F}"
EndProject
Project("{FAE04EC0-301F-11D3-BF4B-00C04F79EFBC}") = "Aula008", "Modolo01\Aula008\Aula008.csproj", "{655CC626-3DC1-B63F-1A35-6BE2CED26AD5}"
EndProject
Project("{FAE04EC0-301F-11D3-BF4B-00C04F79EFBC}") = "Aula009", "Modolo01\Aula009\Aula009.csproj", "{4978B84F-C7A7-CA30-79BD-69583BCF6F7A}"
EndProject
Project("{FAE04EC0-301F-11D3-BF4B-00C04F79EFBC}") = "Aula010", "Modolo01\Aula010\Aula010.csproj", "{94A16495-62A0-1FBF-9F12-591A50034FF4}"
EndProject
Project("{FAE04EC0-301F-11D3-BF4B-00C04F79EFBC}") = "Aula011", "Modolo01\Aula011\Aula011.csproj", "{36302EAC-8F47-ED6A-2C73-70B5CFC3513C}"
EndProject
Project("{FAE04EC0-301F-11D3-BF4B-00C04F79EFBC}") = "Aula012", "Modolo01\Aula012\Aula012.csproj", "{4049A75A-DE1C-7FD9-7A54-DB4656EF5CEC}"
EndProject
Project("{FAE04EC0-301F-11D3-BF4B-00C04F79EFBC}") = "exercicios", "Modolo01\Exercicios\exercicios.csproj", "{E92D44AB-2904-0681-7C15-3CC41F5951FC}"
EndProject
Project("{FAE04EC0-301F-11D3-BF4B-00C04F79EFBC}") = "Aula001", "Modolo02\Aula001\Aula001.csproj", "{1D40502D-4286-C400-F8DC-A7A5F9E5EBF9}"
EndProject
Project("{FAE04EC0-301F-11D3-BF4B-00C04F79EFBC}") = "Aula002", "Modolo02\Aula002\Aula002.csproj", "{D4CEB153-93D6-97D1-D5BA-797FA8721622}"
EndProject
Project("{FAE04EC0-301F-11D3-BF4B-00C04F79EFBC}") = "Aula003", "Modolo02\Aula003\Aula003.csproj", "{16ED4128-6051-EE61-761A-EAB78CE02135}"
EndProject
Project("{FAE04EC0-301F-11D3-BF4B-00C04F79EFBC}") = "Aula004", "Modolo02\Aula004\Aula004.csproj", "{09252CCA-D2F0-CDAE-E71F-DAA02A2B3BDC}"
EndProject
Project("{FAE04EC0-301F-11D3-BF4B-00C04F79EFBC}") = "Aula005", "Modolo02\Aula005\Aula005.csproj", "{26F177EA-6A17-1516-609B-961958155F07}"
EndProject
Project("{FAE04EC0-301F-11D3-BF4B-00C04F79EFBC}") = "Aula006", "Modolo02\Aula006\Aula006.csproj", "{ED3E0662-A6CF-9138-C497-282C07DD7EC2}"
EndProject
Project("{FAE04EC0-301F-11D3-BF4B-00C04F79EFBC}") = "Aula007", "Modolo02\Aula007\Aula007.csproj", "{5897D2CC-4CC4-7211-FC0B-FAA4EB623C49}"
EndProject
Project("{FAE04EC0-301F-11D3-BF4B-00C04F79EFBC}") = "Aula001", "Modolo03\Aula001\Aula001.csproj", "{A323C000-1473-0F9D-115D-5F6D2F39F271}"
EndProject
Project("{FAE04EC0-301F-11D3-BF4B-00C04F79EFBC}") = "Aula002", "Modolo03\Aula002\Aula002.csproj", "{6F042E21-B3B7-64EC-588A-7B3A6D796119}"
EndProject
Project("{FAE04EC0-301F-11D3-BF4B-00C04F79EFBC}") = "Aula003", "Modolo03\Aula003\Aula003.csproj", "{2FB1FCC5-0111-DEEA-AAB7-B4CC33AF5362}"
EndProject
Project("{FAE04EC0-301F-11D3-BF4B-00C04F79EFBC}") = "Aula004", "Modolo03\Aula004\Aula004.csproj", "{625DC30A-4863-C9BE-395E-F007CE7606E4}"
EndProject
Project("{FAE04EC0-301F-11D3-BF4B-00C04F79EFBC}") = "Aula005", "Modolo03\Aula005\Aula005.csproj", "{02C80DBA-3870-3691-CCB9-129D85F10681}"
EndProject
Project("{FAE04EC0-301F-11D3-BF4B-00C04F79EFBC}") = "Aula006", "Modolo03\Aula006\Aula006.csproj", "{3BAAA082-6052-F8C3-4FF9-2FD2D1DF05F8}"
EndProject
Project("{FAE04EC0-301F-11D3-BF4B-00C04F79EFBC}") = "Aula007", "Modolo03\Aula007\Aula007.csproj", "{ADDE1B56-CB96-722D-B8C5-59ED45A7DD09}"
EndProject
Project("{FAE04EC0-301F-11D3-BF4B-00C04F79EFBC}") = "Aula008", "Modolo03\Aula008\Aula008.csproj", "{CB078220-1522-8B05-7330-20BA197D617B}"
EndProject
Project("{FAE04EC0-301F-11D3-BF4B-00C04F79EFBC}") = "Aula001", "POO01\Aula001\Aula001.csproj", "{4437C337-21DD-DE2D-3FEB-B457190A8FDF}"
EndProject
Project("{FAE04EC0-301F-11D3-BF4B-00C04F79EFBC}") = "Aula002", "POO01\Aula002\Aula002.csproj", "{500AABEB-8830-30E9-8BEB-AACE2150806B}"
EndProject
Project("{FAE04EC0-301F-11D3-BF4B-00C04F79EFBC}") = "Aula003", "POO01\Aula003\Aula003.csproj", "{8485E92A-836D-0E71-E7D1-35DC70C4559C}"
EndProject
Project("{FAE04EC0-301F-11D3-BF4B-00C04F79EFBC}") = "Aula004", "POO01\Aula004\Aula004.csproj", "{F646E03A-CCE8-2AB5-ACBE-35970B9B671B}"
EndProject
Project("{FAE04EC0-301F-11D3-BF4B-00C04F79EFBC}") = "Aula005", "POO01\Aula005\Aula005.csproj", "{B70B9BE8-D212-84F1-DB72-9C392E416EAD}"
EndProject
Project("{FAE04EC0-301F-11D3-BF4B-00C04F79EFBC}") = "Aula006", "POO01\Aula006\Aula006.csproj", "{A433498C-B4AC-A09F-AD46-5B6BDA926FE3}"
EndProject
Project("{FAE04EC0-301F-11D3-BF4B-00C04F79EFBC}") = "Aula001", "POO02\Aula001\Aula001.csproj", "{E16E659B-2ABF-E321-EFE5-8267C0B1043C}"
EndProject
Project("{FAE04EC0-301F-11D3-BF4B-00C04F79EFBC}") = "Aula002", "POO02\Aula002\Aula002.csproj", "{D0E2C8EB-67A3-F9B5-317B-74236F911312}"
EndProject
Project("{FAE04EC0-301F-11D3-BF4B-00C04F79EFBC}") = "Aula003", "POO02\Aula003\Aula003.csproj", "{544FCC92-563D-4382-5CDD-264CCC330E7F}"
EndProject
Project("{FAE04EC0-301F-11D3-BF4B-00C04F79EFBC}") = "Aula004", "POO02\Aula004\Aula004.csproj", "{F1A1BFF1-144F-02DE-C7C2-922819EE91CA}"
EndProject
Project("{FAE04EC0-301F-11D3-BF4B-00C04F79EFBC}") = "Aula005", "POO02\Aula005\Aula005.csproj", "{DB8CFD3C-7044-F4AB-65CF-095D07F56082}"
EndProject
Project("{FAE04EC0-301F-11D3-BF4B-00C04F79EFBC}") = "Aula006", "POO02\Aula006\Aula006.csproj", "{E99737E9-4EF0-3561-4321-0EE684949CA4}"
EndProject
Project("{FAE04EC0-301F-11D3-BF4B-00C04F79EFBC}") = "Aula007", "POO02\Aula007\Aula007.csproj", "{5EC09F67-178F-B8FE-FF95-D622470A199A}"
EndProject
Project("{FAE04EC0-301F-11D3-BF4B-00C04F79EFBC}") = "Aula008", "POO02\Aula008\Aula008.csproj", "{723B52E0-95D9-514E-6724-9F7F65DC72A3}"
EndProject
Project("{FAE04EC0-301F-11D3-BF4B-00C04F79EFBC}") = "Aula009", "POO02\Aula009\Aula009.csproj", "{C7E3B2A0-D5B7-0558-5481-075C49BE7051}"
EndProject
Project("{FAE04EC0-301F-11D3-BF4B-00C04F79EFBC}") = "Aula001", "POO03\Aula001\Aula001.csproj", "{B6400F5E-E2AB-7298-0C65-0C52340AC5E4}"
EndProject
Project("{FAE04EC0-301F-11D3-BF4B-00C04F79EFBC}") = "Aula002", "POO03\Aula002\Aula002.csproj", "{DFD8A19A-8CA1-7002-C651-F8A709593206}"
EndProject
Project("{FAE04EC0-301F-11D3-BF4B-00C04F79EFBC}") = "Aula003", "POO03\Aula003\Aula003.csproj", "{04B5FCA6-530F-86D8-AA2F-93EE0DE47A9F}"
EndProject
Project("{FAE04EC0-301F-11D3-BF4B-00C04F79EFBC}") = "Aula004", "POO03\Aula004\Aula004.csproj", "{EDD0AAF6-2852-A9D1-DAD8-AC2F5686F491}"
EndProject
Project("{FAE04EC0-301F-11D3-BF4B-00C04F79EFBC}") = "Aula005", "POO03\Aula005\Aula005.csproj", "{13350587-9391-D798-95B5-9ED164DFBAD7}"
EndProject
Project("{FAE04EC0-301F-11D3-BF4B-00C04F79EFBC}") = "Aula006", "POO03\Aula006\Aula006.csproj", "{F789A377-A070-7D87-D5A6-00706CB1ADD2}"
EndProject
Project("{FAE04EC0-301F-11D3-BF4B-00C04F79EFBC}") = "Aula007", "POO03\Aula007\Aula007.csproj", "{9065F768-BCFD-9A0B-145C-323AA799D2F5}"
EndProject
Project("{FAE04EC0-301F-11D3-BF4B-00C04F79EFBC}") = "Aula008", "POO03\Aula008\Aula008.csproj", "{99817020-6954-1058-556F-86AF3ABCA4AB}"
EndProject
Global
	GlobalSection(SolutionConfigurationPlatforms) = preSolution
		Debug|Any CPU = Debug|Any CPU
		Release|Any CPU = Release|Any CPU
	EndGlobalSection
	GlobalSection(ProjectConfigurationPlatforms) = postSolution
		{19122C40-44DA-01ED-20A5-EA119223BE0E}.Debug|Any CPU.ActiveCfg = Debug|Any CPU
		{19122C40-44DA-01ED-20A5-EA119223BE0E}.Debug|Any CPU.Build.0 = Debug|Any CPU
		{19122C40-44DA-01ED-20A5-EA119223BE0E}.Release|Any CPU.ActiveCfg = Release|Any CPU
		{19122C40-44DA-01ED-20A5-EA119223BE0E}.Release|Any CPU.Build.0 = Release|Any CPU
		{C0FF07FB-3D3F-0EAB-2166-9C2369248326}.Debug|Any CPU.ActiveCfg = Debug|Any CPU
		{C0FF07FB-3D3F-0EAB-2166-9C2369248326}.Debug|Any CPU.Build.0 = Debug|Any CPU
		{C0FF07FB-3D3F-0EAB-2166-9C2369248326}.Release|Any CPU.ActiveCfg = Release|Any CPU
		{C0FF07FB-3D3F-0EAB-2166-9C2369248326}.Release|Any CPU.Build.0 = Release|Any CPU
		{9D9F030B-D306-AA55-1DF2-515EF23583D8}.Debug|Any CPU.ActiveCfg = Debug|Any CPU
		{9D9F030B-D306-AA55-1DF2-515EF23583D8}.Debug|Any CPU.Build.0 = Debug|Any CPU
		{9D9F030B-D306-AA55-1DF2-515EF23583D8}.Release|Any CPU.ActiveCfg = Release|Any CPU
		{9D9F030B-D306-AA55-1DF2-515EF23583D8}.Release|Any CPU.Build.0 = Release|Any CPU
		{066A5DA9-3D11-BBD5-A6A5-36AD6805825C}.Debug|Any CPU.ActiveCfg = Debug|Any CPU
		{066A5DA9-3D11-BBD5-A6A5-36AD6805825C}.Debug|Any CPU.Build.0 = Debug|Any CPU
		{066A5DA9-3D11-BBD5-A6A5-36AD6805825C}.Release|Any CPU.ActiveCfg = Release|Any CPU
		{066A5DA9-3D11-BBD5-A6A5-36AD6805825C}.Release|Any CPU.Build.0 = Release|Any CPU
		{D33CEC7F-993D-5BFA-8751-E95535295A44}.Debug|Any CPU.ActiveCfg = Debug|Any CPU
		{D33CEC7F-993D-5BFA-8751-E95535295A44}.Debug|Any CPU.Build.0 = Debug|Any CPU
		{D33CEC7F-993D-5BFA-8751-E95535295A44}.Release|Any CPU.ActiveCfg = Release|Any CPU
		{D33CEC7F-993D-5BFA-8751-E95535295A44}.Release|Any CPU.Build.0 = Release|Any CPU
		{F1F8DA62-B4B7-588C-B625-A845B35FA00F}.Debug|Any CPU.ActiveCfg = Debug|Any CPU
		{F1F8DA62-B4B7-588C-B625-A845B35FA00F}.Debug|Any CPU.Build.0 = Debug|Any CPU
		{F1F8DA62-B4B7-588C-B625-A845B35FA00F}.Release|Any CPU.ActiveCfg = Release|Any CPU
		{F1F8DA62-B4B7-588C-B625-A845B35FA00F}.Release|Any CPU.Build.0 = Release|Any CPU
		{655CC626-3DC1-B63F-1A35-6BE2CED26AD5}.Debug|Any CPU.ActiveCfg = Debug|Any CPU
		{655CC626-3DC1-B63F-1A35-6BE2CED26AD5}.Debug|Any CPU.Build.0 = Debug|Any CPU
		{655CC626-3DC1-B63F-1A35-6BE2CED26AD5}.Release|Any CPU.ActiveCfg = Release|Any CPU
		{655CC626-3DC1-B63F-1A35-6BE2CED26AD5}.Release|Any CPU.Build.0 = Release|Any CPU
		{4978B84F-C7A7-CA30-79BD-69583BCF6F7A}.Debug|Any CPU.ActiveCfg = Debug|Any CPU
		{4978B84F-C7A7-CA30-79BD-69583BCF6F7A}.Debug|Any CPU.Build.0 = Debug|Any CPU
		{4978B84F-C7A7-CA30-79BD-69583BCF6F7A}.Release|Any CPU.ActiveCfg = Release|Any CPU
		{4978B84F-C7A7-CA30-79BD-69583BCF6F7A}.Release|Any CPU.Build.0 = Release|Any CPU
		{94A16495-62A0-1FBF-9F12-591A50034FF4}.Debug|Any CPU.ActiveCfg = Debug|Any CPU
		{94A16495-62A0-1FBF-9F12-591A50034FF4}.Debug|Any CPU.Build.0 = Debug|Any CPU
		{94A16495-62A0-1FBF-9F12-591A50034FF4}.Release|Any CPU.ActiveCfg = Release|Any CPU
		{94A16495-62A0-1FBF-9F12-591A50034FF4}.Release|Any CPU.Build.0 = Release|Any CPU
		{36302EAC-8F47-ED6A-2C73-70B5CFC3513C}.Debug|Any CPU.ActiveCfg = Debug|Any CPU
		{36302EAC-8F47-ED6A-2C73-70B5CFC3513C}.Debug|Any CPU.Build.0 = Debug|Any CPU
		{36302EAC-8F47-ED6A-2C73-70B5CFC3513C}.Release|Any CPU.ActiveCfg = Release|Any CPU
		{36302EAC-8F47-ED6A-2C73-70B5CFC3513C}.Release|Any CPU.Build.0 = Release|Any CPU
		{4049A75A-DE1C-7FD9-7A54-DB4656EF5CEC}.Debug|Any CPU.ActiveCfg = Debug|Any CPU
		{4049A75A-DE1C-7FD9-7A54-DB4656EF5CEC}.Debug|Any CPU.Build.0 = Debug|Any CPU
		{4049A75A-DE1C-7FD9-7A54-DB4656EF5CEC}.Release|Any CPU.ActiveCfg = Release|Any CPU
		{4049A75A-DE1C-7FD9-7A54-DB4656EF5CEC}.Release|Any CPU.Build.0 = Release|Any CPU
		{E92D44AB-2904-0681-7C15-3CC41F5951FC}.Debug|Any CPU.ActiveCfg = Debug|Any CPU
		{E92D44AB-2904-0681-7C15-3CC41F5951FC}.Debug|Any CPU.Build.0 = Debug|Any CPU
		{E92D44AB-2904-0681-7C15-3CC41F5951FC}.Release|Any CPU.ActiveCfg = Release|Any CPU
		{E92D44AB-2904-0681-7C15-3CC41F5951FC}.Release|Any CPU.Build.0 = Release|Any CPU
		{1D40502D-4286-C400-F8DC-A7A5F9E5EBF9}.Debug|Any CPU.ActiveCfg = Debug|Any CPU
		{1D40502D-4286-C400-F8DC-A7A5F9E5EBF9}.Debug|Any CPU.Build.0 = Debug|Any CPU
		{1D40502D-4286-C400-F8DC-A7A5F9E5EBF9}.Release|Any CPU.ActiveCfg = Release|Any CPU
		{1D40502D-4286-C400-F8DC-A7A5F9E5EBF9}.Release|Any CPU.Build.0 = Release|Any CPU
		{D4CEB153-93D6-97D1-D5BA-797FA8721622}.Debug|Any CPU.ActiveCfg = Debug|Any CPU
		{D4CEB153-93D6-97D1-D5BA-797FA8721622}.Debug|Any CPU.Build.0 = Debug|Any CPU
		{D4CEB153-93D6-97D1-D5BA-797FA8721622}.Release|Any CPU.ActiveCfg = Release|Any CPU
		{D4CEB153-93D6-97D1-D5BA-797FA8721622}.Release|Any CPU.Build.0 = Release|Any CPU
		{16ED4128-6051-EE61-761A-EAB78CE02135}.Debug|Any CPU.ActiveCfg = Debug|Any CPU
		{16ED4128-6051-EE61-761A-EAB78CE02135}.Debug|Any CPU.Build.0 = Debug|Any CPU
		{16ED4128-6051-EE61-761A-EAB78CE02135}.Release|Any CPU.ActiveCfg = Release|Any CPU
		{16ED4128-6051-EE61-761A-EAB78CE02135}.Release|Any CPU.Build.0 = Release|Any CPU
		{09252CCA-D2F0-CDAE-E71F-DAA02A2B3BDC}.Debug|Any CPU.ActiveCfg = Debug|Any CPU
		{09252CCA-D2F0-CDAE-E71F-DAA02A2B3BDC}.Debug|Any CPU.Build.0 = Debug|Any CPU
		{09252CCA-D2F0-CDAE-E71F-DAA02A2B3BDC}.Release|Any CPU.ActiveCfg = Release|Any CPU
		{09252CCA-D2F0-CDAE-E71F-DAA02A2B3BDC}.Release|Any CPU.Build.0 = Release|Any CPU
		{26F177EA-6A17-1516-609B-961958155F07}.Debug|Any CPU.ActiveCfg = Debug|Any CPU
		{26F177EA-6A17-1516-609B-961958155F07}.Debug|Any CPU.Build.0 = Debug|Any CPU
		{26F177EA-6A17-1516-609B-961958155F07}.Release|Any CPU.ActiveCfg = Release|Any CPU
		{26F177EA-6A17-1516-609B-961958155F07}.Release|Any CPU.Build.0 = Release|Any CPU
		{ED3E0662-A6CF-9138-C497-282C07DD7EC2}.Debug|Any CPU.ActiveCfg = Debug|Any CPU
		{ED3E0662-A6CF-9138-C497-282C07DD7EC2}.Debug|Any CPU.Build.0 = Debug|Any CPU
		{ED3E0662-A6CF-9138-C497-282C07DD7EC2}.Release|Any CPU.ActiveCfg = Release|Any CPU
		{ED3E0662-A6CF-9138-C497-282C07DD7EC2}.Release|Any CPU.Build.0 = Release|Any CPU
		{5897D2CC-4CC4-7211-FC0B-FAA4EB623C49}.Debug|Any CPU.ActiveCfg = Debug|Any CPU
		{5897D2CC-4CC4-7211-FC0B-FAA4EB623C49}.Debug|Any CPU.Build.0 = Debug|Any CPU
		{5897D2CC-4CC4-7211-FC0B-FAA4EB623C49}.Release|Any CPU.ActiveCfg = Release|Any CPU
		{5897D2CC-4CC4-7211-FC0B-FAA4EB623C49}.Release|Any CPU.Build.0 = Release|Any CPU
		{A323C000-1473-0F9D-115D-5F6D2F39F271}.Debug|Any CPU.ActiveCfg = Debug|Any CPU
		{A323C000-1473-0F9D-115D-5F6D2F39F271}.Debug|Any CPU.Build.0 = Debug|Any CPU
		{A323C000-1473-0F9D-115D-5F6D2F39F271}.Release|Any CPU.ActiveCfg = Release|Any CPU
		{A323C000-1473-0F9D-115D-5F6D2F39F271}.Release|Any CPU.Build.0 = Release|Any CPU
		{6F042E21-B3B7-64EC-588A-7B3A6D796119}.Debug|Any CPU.ActiveCfg = Debug|Any CPU
		{6F042E21-B3B7-64EC-588A-7B3A6D796119}.Debug|Any CPU.Build.0 = Debug|Any CPU
		{6F042E21-B3B7-64EC-588A-7B3A6D796119}.Release|Any CPU.ActiveCfg = Release|Any CPU
		{6F042E21-B3B7-64EC-588A-7B3A6D796119}.Release|Any CPU.Build.0 = Release|Any CPU
		{2FB1FCC5-0111-DEEA-AAB7-B4CC33AF5362}.Debug|Any CPU.ActiveCfg = Debug|Any CPU
		{2FB1FCC5-0111-DEEA-AAB7-B4CC33AF5362}.Debug|Any CPU.Build.0 = Debug|Any CPU
		{2FB1FCC5-0111-DEEA-AAB7-B4CC33AF5362}.Release|Any CPU.ActiveCfg = Release|Any CPU
		{2FB1FCC5-0111-DEEA-AAB7-B4CC33AF5362}.Release|Any CPU.Build.0 = Release|Any CPU
		{625DC30A-4863-C9BE-395E-F007CE7606E4}.Debug|Any CPU.ActiveCfg = Debug|Any CPU
		{625DC30A-4863-C9BE-395E-F007CE7606E4}.Debug|Any CPU.Build.0 = Debug|Any CPU
		{625DC30A-4863-C9BE-395E-F007CE7606E4}.Release|Any CPU.ActiveCfg = Release|Any CPU
		{625DC30A-4863-C9BE-395E-F007CE7606E4}.Release|Any CPU.Build.0 = Release|Any CPU
		{02C80DBA-3870-3691-CCB9-129D85F10681}.Debug|Any CPU.ActiveCfg = Debug|Any CPU
		{02C80DBA-3870-3691-CCB9-129D85F10681}.Debug|Any CPU.Build.0 = Debug|Any CPU
		{02C80DBA-3870-3691-CCB9-129D85F10681}.Release|Any CPU.ActiveCfg = Release|Any CPU
		{02C80DBA-3870-3691-CCB9-129D85F10681}.Release|Any CPU.Build.0 = Release|Any CPU
		{3BAAA082-6052-F8C3-4FF9-2FD2D1DF05F8}.Debug|Any CPU.ActiveCfg = Debug|Any CPU
		{3BAAA082-6052-F8C3-4FF9-2FD2D1DF05F8}.Debug|Any CPU.Build.0 = Debug|Any CPU
		{3BAAA082-6052-F8C3-4FF9-2FD2D1DF05F8}.Release|Any CPU.ActiveCfg = Release|Any CPU
		{3BAAA082-6052-F8C3-4FF9-2FD2D1DF05F8}.Release|Any CPU.Build.0 = Release|Any CPU
		{ADDE1B56-CB96-722D-B8C5-59ED45A7DD09}.Debug|Any CPU.ActiveCfg = Debug|Any CPU
		{ADDE1B56-CB96-722D-B8C5-59ED45A7DD09}.Debug|Any CPU.Build.0 = Debug|Any CPU
		{ADDE1B56-CB96-722D-B8C5-59ED45A7DD09}.Release|Any CPU.ActiveCfg = Release|Any CPU
		{ADDE1B56-CB96-722D-B8C5-59ED45A7DD09}.Release|Any CPU.Build.0 = Release|Any CPU
		{CB078220-1522-8B05-7330-20BA197D617B}.Debug|Any CPU.ActiveCfg = Debug|Any CPU
		{CB078220-1522-8B05-7330-20BA197D617B}.Debug|Any CPU.Build.0 = Debug|Any CPU
		{CB078220-1522-8B05-7330-20BA197D617B}.Release|Any CPU.ActiveCfg = Release|Any CPU
		{CB078220-1522-8B05-7330-20BA197D617B}.Release|Any CPU.Build.0 = Release|Any CPU
		{4437C337-21DD-DE2D-3FEB-B457190A8FDF}.Debug|Any CPU.ActiveCfg = Debug|Any CPU
		{4437C337-21DD-DE2D-3FEB-B457190A8FDF}.Debug|Any CPU.Build.0 = Debug|Any CPU
		{4437C337-21DD-DE2D-3FEB-B457190A8FDF}.Release|Any CPU.ActiveCfg = Release|Any CPU
		{4437C337-21DD-DE2D-3FEB-B457190A8FDF}.Release|Any CPU.Build.0 = Release|Any CPU
		{500AABEB-8830-30E9-8BEB-AACE2150806B}.Debug|Any CPU.ActiveCfg = Debug|Any CPU
		{500AABEB-8830-30E9-8BEB-AACE2150806B}.Debug|Any CPU.Build.0 = Debug|Any CPU
		{500AABEB-8830-30E9-8BEB-AACE2150806B}.Release|Any CPU.ActiveCfg = Release|Any CPU
		{500AABEB-8830-30E9-8BEB-AACE2150806B}.Release|Any CPU.Build.0 = Release|Any CPU
		{8485E92A-836D-0E71-E7D1-35DC70C4559C}.Debug|Any CPU.ActiveCfg = Debug|Any CPU
		{8485E92A-836D-0E71-E7D1-35DC70C4559C}.Debug|Any CPU.Build.0 = Debug|Any CPU
		{8485E92A-836D-0E71-E7D1-35DC70C4559C}.Release|Any CPU.ActiveCfg = Release|Any CPU
		{8485E92A-836D-0E71-E7D1-35DC70C4559C}.Release|Any CPU.Build.0 = Release|Any CPU
		{F646E03A-CCE8-2AB5-ACBE-35970B9B671B}.Debug|Any CPU.ActiveCfg = Debug|Any CPU
		{F646E03A-CCE8-2AB5-ACBE-35970B9B671B}.Debug|Any CPU.Build.0 = Debug|Any CPU
		{F646E03A-CCE8-2AB5-ACBE-35970B9B671B}.Release|Any CPU.ActiveCfg = Release|Any CPU
		{F646E03A-CCE8-2AB5-ACBE-35970B9B671B}.Release|Any CPU.Build.0 = Release|Any CPU
		{B70B9BE8-D212-84F1-DB72-9C392E416EAD}.Debug|Any CPU.ActiveCfg = Debug|Any CPU
		{B70B9BE8-D212-84F1-DB72-9C392E416EAD}.Debug|Any CPU.Build.0 = Debug|Any CPU
		{B70B9BE8-D212-84F1-DB72-9C392E416EAD}.Release|Any CPU.ActiveCfg = Release|Any CPU
		{B70B9BE8-D212-84F1-DB72-9C392E416EAD}.Release|Any CPU.Build.0 = Release|Any CPU
		{A433498C-B4AC-A09F-AD46-5B6BDA926FE3}.Debug|Any CPU.ActiveCfg = Debug|Any CPU
		{A433498C-B4AC-A09F-AD46-5B6BDA926FE3}.Debug|Any CPU.Build.0 = Debug|Any CPU
		{A433498C-B4AC-A09F-AD46-5B6BDA926FE3}.Release|Any CPU.ActiveCfg = Release|Any CPU
		{A433498C-B4AC-A09F-AD46-5B6BDA926FE3}.Release|Any CPU.Build.0 = Release|Any CPU
		{E16E659B-2ABF-E321-EFE5-8267C0B1043C}.Debug|Any CPU.ActiveCfg = Debug|Any CPU
		{E16E659B-2ABF-E321-EFE5-8267C0B1043C}.Debug|Any CPU.Build.0 = Debug|Any CPU
		{E16E659B-2ABF-E321-EFE5-8267C0B1043C}.Release|Any CPU.ActiveCfg = Release|Any CPU
		{E16E659B-2ABF-E321-EFE5-8267C0B1043C}.Release|Any CPU.Build.0 = Release|Any CPU
		{D0E2C8EB-67A3-F9B5-317B-74236F911312}.Debug|Any CPU.ActiveCfg = Debug|Any CPU
		{D0E2C8EB-67A3-F9B5-317B-74236F911312}.Debug|Any CPU.Build.0 = Debug|Any CPU
		{D0E2C8EB-67A3-F9B5-317B-74236F911312}.Release|Any CPU.ActiveCfg = Release|Any CPU
		{D0E2C8EB-67A3-F9B5-317B-74236F911312}.Release|Any CPU.Build.0 = Release|Any CPU
		{544FCC92-563D-4382-5CDD-264CCC330E7F}.Debug|Any CPU.ActiveCfg = Debug|Any CPU
		{544FCC92-563D-4382-5CDD-264CCC330E7F}.Debug|Any CPU.Build.0 = Debug|Any CPU
		{544FCC92-563D-4382-5CDD-264CCC330E7F}.Release|Any CPU.ActiveCfg = Release|Any CPU
		{544FCC92-563D-4382-5CDD-264CCC330E7F}.Release|Any CPU.Build.0 = Release|Any CPU
		{F1A1BFF1-144F-02DE-C7C2-922819EE91CA}.Debug|Any CPU.ActiveCfg = Debug|Any CPU
		{F1A1BFF1-144F-02DE-C7C2-922819EE91CA}.Debug|Any CPU.Build.0 = Debug|Any CPU
		{F1A1BFF1-144F-02DE-C7C2-922819EE91CA}.Release|Any CPU.ActiveCfg = Release|Any CPU
		{F1A1BFF1-144F-02DE-C7C2-922819EE91CA}.Release|Any CPU.Build.0 = Release|Any CPU
		{DB8CFD3C-7044-F4AB-65CF-095D07F56082}.Debug|Any CPU.ActiveCfg = Debug|Any CPU
		{DB8CFD3C-7044-F4AB-65CF-095D07F56082}.Debug|Any CPU.Build.0 = Debug|Any CPU
		{DB8CFD3C-7044-F4AB-65CF-095D07F56082}.Release|Any CPU.ActiveCfg = Release|Any CPU
		{DB8CFD3C-7044-F4AB-65CF-095D07F56082}.Release|Any CPU.Build.0 = Release|Any CPU
		{E99737E9-4EF0-3561-4321-0EE684949CA4}.Debug|Any CPU.ActiveCfg = Debug|Any CPU
		{E99737E9-4EF0-3561-4321-0EE684949CA4}.Debug|Any CPU.Build.0 = Debug|Any CPU
		{E99737E9-4EF0-3561-4321-0EE684949CA4}.Release|Any CPU.ActiveCfg = Release|Any CPU
		{E99737E9-4EF0-3561-4321-0EE684949CA4}.Release|Any CPU.Build.0 = Release|Any CPU
		{5EC09F67-178F-B8FE-FF95-D622470A199A}.Debug|Any CPU.ActiveCfg = Debug|Any CPU
		{5EC09F67-178F-B8FE-FF95-D622470A199A}.Debug|Any CPU.Build.0 = Debug|Any CPU
		{5EC09F67-178F-B8FE-FF95-D622470A199A}.Release|Any CPU.ActiveCfg = Release|Any CPU
		{5EC09F67-178F-B8FE-FF95-D622470A199A}.Release|Any CPU.Build.0 = Release|Any CPU
		{723B52E0-95D9-514E-6724-9F7F65DC72A3}.Debug|Any CPU.ActiveCfg = Debug|Any CPU
		{723B52E0-95D9-514E-6724-9F7F65DC72A3}.Debug|Any CPU.Build.0 = Debug|Any CPU
		{723B52E0-95D9-514E-6724-9F7F65DC72A3}.Release|Any CPU.ActiveCfg = Release|Any CPU
		{723B52E0-95D9-514E-6724-9F7F65DC72A3}.Release|Any CPU.Build.0 = Release|Any CPU
		{C7E3B2A0-D5B7-0558-5481-075C49BE7051}.Debug|Any CPU.ActiveCfg = Debug|Any CPU
		{C7E3B2A0-D5B7-0558-5481-075C49BE7051}.Debug|Any CPU.Build.0 = Debug|Any CPU
		{C7E3B2A0-D5B7-0558-5481-075C49BE7051}.Release|Any CPU.ActiveCfg = Release|Any CPU
		{C7E3B2A0-D5B7-0558-5481-075C49BE7051}.Release|Any CPU.Build.0 = Release|Any CPU
		{B6400F5E-E2AB-7298-0C65-0C52340AC5E4}.Debug|Any CPU.ActiveCfg = Debug|Any CPU
		{B6400F5E-E2AB-7298-0C65-0C52340AC5E4}.Debug|Any CPU.Build.0 = Debug|Any CPU
		{B6400F5E-E2AB-7298-0C65-0C52340AC5E4}.Release|Any CPU.ActiveCfg = Release|Any CPU
		{B6400F5E-E2AB-7298-0C65-0C52340AC5E4}.Release|Any CPU.Build.0 = Release|Any CPU
		{DFD8A19A-8CA1-7002-C651-F8A709593206}.Debug|Any CPU.ActiveCfg = Debug|Any CPU
		{DFD8A19A-8CA1-7002-C651-F8A709593206}.Debug|Any CPU.Build.0 = Debug|Any CPU
		{DFD8A19A-8CA1-7002-C651-F8A709593206}.Release|Any CPU.ActiveCfg = Release|Any CPU
		{DFD8A19A-8CA1-7002-C651-F8A709593206}.Release|Any CPU.Build.0 = Release|Any CPU
		{04B5FCA6-530F-86D8-AA2F-93EE0DE47A9F}.Debug|Any CPU.ActiveCfg = Debug|Any CPU
		{04B5FCA6-530F-86D8-AA2F-93EE0DE47A9F}.Debug|Any CPU.Build.0 = Debug|Any CPU
		{04B5FCA6-530F-86D8-AA2F-93EE0DE47A9F}.Release|Any CPU.ActiveCfg = Release|Any CPU
		{04B5FCA6-530F-86D8-AA2F-93EE0DE47A9F}.Release|Any CPU.Build.0 = Release|Any CPU
		{EDD0AAF6-2852-A9D1-DAD8-AC2F5686F491}.Debug|Any CPU.ActiveCfg = Debug|Any CPU
		{EDD0AAF6-2852-A9D1-DAD8-AC2F5686F491}.Debug|Any CPU.Build.0 = Debug|Any CPU
		{EDD0AAF6-2852-A9D1-DAD8-AC2F5686F491}.Release|Any CPU.ActiveCfg = Release|Any CPU
		{EDD0AAF6-2852-A9D1-DAD8-AC2F5686F491}.Release|Any CPU.Build.0 = Release|Any CPU
		{13350587-9391-D798-95B5-9ED164DFBAD7}.Debug|Any CPU.ActiveCfg = Debug|Any CPU
		{13350587-9391-D798-95B5-9ED164DFBAD7}.Debug|Any CPU.Build.0 = Debug|Any CPU
		{13350587-9391-D798-95B5-9ED164DFBAD7}.Release|Any CPU.ActiveCfg = Release|Any CPU
		{13350587-9391-D798-95B5-9ED164DFBAD7}.Release|Any CPU.Build.0 = Release|Any CPU
		{F789A377-A070-7D87-D5A6-00706CB1ADD2}.Debug|Any CPU.ActiveCfg = Debug|Any CPU
		{F789A377-A070-7D87-D5A6-00706CB1ADD2}.Debug|Any CPU.Build.0 = Debug|Any CPU
		{F789A377-A070-7D87-D5A6-00706CB1ADD2}.Release|Any CPU.ActiveCfg = Release|Any CPU
		{F789A377-A070-7D87-D5A6-00706CB1ADD2}.Release|Any CPU.Build.0 = Release|Any CPU
		{9065F768-BCFD-9A0B-145C-323AA799D2F5}.Debug|Any CPU.ActiveCfg = Debug|Any CPU
		{9065F768-BCFD-9A0B-145C-323AA799D2F5}.Debug|Any CPU.Build.0 = Debug|Any CPU
		{9065F768-BCFD-9A0B-145C-323AA799D2F5}.Release|Any CPU.ActiveCfg = Release|Any CPU
		{9065F768-BCFD-9A0B-145C-323AA799D2F5}.Release|Any CPU.Build.0 = Release|Any CPU
		{99817020-6954-1058-556F-86AF3ABCA4AB}.Debug|Any CPU.ActiveCfg = Debug|Any CPU
		{99817020-6954-1058-556F-86AF3ABCA4AB}.Debug|Any CPU.Build.0 = Debug|Any CPU
		{99817020-6954-1058-556F-86AF3ABCA4AB}.Release|Any CPU.ActiveCfg = Release|Any CPU
		{99817020-6954-1058-556F-86AF3ABCA4AB}.Release|Any CPU.Build.0 = Release|Any CPU
	EndGlobalSection
	GlobalSection(SolutionProperties) = preSolution
		HideSolutionNode = FALSE
	EndGlobalSection
	GlobalSection(NestedProjects) = preSolution
		{19122C40-44DA-01ED-20A5-EA119223BE0E} = {BB8BB864-7F88-92AA-1A36-CBF6F2BC16B4}
		{C0FF07FB-3D3F-0EAB-2166-9C2369248326} = {BB8BB864-7F88-92AA-1A36-CBF6F2BC16B4}
		{9D9F030B-D306-AA55-1DF2-515EF23583D8} = {BB8BB864-7F88-92AA-1A36-CBF6F2BC16B4}
		{066A5DA9-3D11-BBD5-A6A5-36AD6805825C} = {BB8BB864-7F88-92AA-1A36-CBF6F2BC16B4}
		{D33CEC7F-993D-5BFA-8751-E95535295A44} = {BB8BB864-7F88-92AA-1A36-CBF6F2BC16B4}
		{F1F8DA62-B4B7-588C-B625-A845B35FA00F} = {BB8BB864-7F88-92AA-1A36-CBF6F2BC16B4}
		{655CC626-3DC1-B63F-1A35-6BE2CED26AD5} = {BB8BB864-7F88-92AA-1A36-CBF6F2BC16B4}
		{4978B84F-C7A7-CA30-79BD-69583BCF6F7A} = {BB8BB864-7F88-92AA-1A36-CBF6F2BC16B4}
		{94A16495-62A0-1FBF-9F12-591A50034FF4} = {BB8BB864-7F88-92AA-1A36-CBF6F2BC16B4}
		{36302EAC-8F47-ED6A-2C73-70B5CFC3513C} = {BB8BB864-7F88-92AA-1A36-CBF6F2BC16B4}
		{4049A75A-DE1C-7FD9-7A54-DB4656EF5CEC} = {BB8BB864-7F88-92AA-1A36-CBF6F2BC16B4}
		{E92D44AB-2904-0681-7C15-3CC41F5951FC} = {BB8BB864-7F88-92AA-1A36-CBF6F2BC16B4}
		{1D40502D-4286-C400-F8DC-A7A5F9E5EBF9} = {3367CC89-F544-E198-9224-E085674530CF}
		{D4CEB153-93D6-97D1-D5BA-797FA8721622} = {3367CC89-F544-E198-9224-E085674530CF}
		{16ED4128-6051-EE61-761A-EAB78CE02135} = {3367CC89-F544-E198-9224-E085674530CF}
		{09252CCA-D2F0-CDAE-E71F-DAA02A2B3BDC} = {3367CC89-F544-E198-9224-E085674530CF}
		{26F177EA-6A17-1516-609B-961958155F07} = {3367CC89-F544-E198-9224-E085674530CF}
		{ED3E0662-A6CF-9138-C497-282C07DD7EC2} = {3367CC89-F544-E198-9224-E085674530CF}
		{5897D2CC-4CC4-7211-FC0B-FAA4EB623C49} = {3367CC89-F544-E198-9224-E085674530CF}
		{A323C000-1473-0F9D-115D-5F6D2F39F271} = {4C8999EA-16BF-44A5-517D-40BF3616689D}
		{6F042E21-B3B7-64EC-588A-7B3A6D796119} = {4C8999EA-16BF-44A5-517D-40BF3616689D}
		{2FB1FCC5-0111-DEEA-AAB7-B4CC33AF5362} = {4C8999EA-16BF-44A5-517D-40BF3616689D}
		{625DC30A-4863-C9BE-395E-F007CE7606E4} = {4C8999EA-16BF-44A5-517D-40BF3616689D}
		{02C80DBA-3870-3691-CCB9-129D85F10681} = {4C8999EA-16BF-44A5-517D-40BF3616689D}
		{3BAAA082-6052-F8C3-4FF9-2FD2D1DF05F8} = {4C8999EA-16BF-44A5-517D-40BF3616689D}
		{ADDE1B56-CB96-722D-B8C5-59ED45A7DD09} = {4C8999EA-16BF-44A5-517D-40BF3616689D}
		{CB078220-1522-8B05-7330-20BA197D617B} = {4C8999EA-16BF-44A5-517D-40BF3616689D}
		{4437C337-21DD-DE2D-3FEB-B457190A8FDF} = {EA11F29B-121B-8D96-5B8B-610018C7E16E}
		{500AABEB-8830-30E9-8BEB-AACE2150806B} = {EA11F29B-121B-8D96-5B8B-610018C7E16E}
		{8485E92A-836D-0E71-E7D1-35DC70C4559C} = {EA11F29B-121B-8D96-5B8B-610018C7E16E}
		{F646E03A-CCE8-2AB5-ACBE-35970B9B671B} = {EA11F29B-121B-8D96-5B8B-610018C7E16E}
		{B70B9BE8-D212-84F1-DB72-9C392E416EAD} = {EA11F29B-121B-8D96-5B8B-610018C7E16E}
		{A433498C-B4AC-A09F-AD46-5B6BDA926FE3} = {EA11F29B-121B-8D96-5B8B-610018C7E16E}
		{E16E659B-2ABF-E321-EFE5-8267C0B1043C} = {625512FA-AAD2-D72E-C2D0-DB56E7C8286E}
		{D0E2C8EB-67A3-F9B5-317B-74236F911312} = {625512FA-AAD2-D72E-C2D0-DB56E7C8286E}
		{544FCC92-563D-4382-5CDD-264CCC330E7F} = {625512FA-AAD2-D72E-C2D0-DB56E7C8286E}
		{F1A1BFF1-144F-02DE-C7C2-922819EE91CA} = {625512FA-AAD2-D72E-C2D0-DB56E7C8286E}
		{DB8CFD3C-7044-F4AB-65CF-095D07F56082} = {625512FA-AAD2-D72E-C2D0-DB56E7C8286E}
		{E99737E9-4EF0-3561-4321-0EE684949CA4} = {625512FA-AAD2-D72E-C2D0-DB56E7C8286E}
		{5EC09F67-178F-B8FE-FF95-D622470A199A} = {625512FA-AAD2-D72E-C2D0-DB56E7C8286E}
		{723B52E0-95D9-514E-6724-9F7F65DC72A3} = {625512FA-AAD2-D72E-C2D0-DB56E7C8286E}
		{C7E3B2A0-D5B7-0558-5481-075C49BE7051} = {625512FA-AAD2-D72E-C2D0-DB56E7C8286E}
		{B6400F5E-E2AB-7298-0C65-0C52340AC5E4} = {143963BA-991E-55B3-F18E-AC9E3812A5F3}
		{DFD8A19A-8CA1-7002-C651-F8A709593206} = {143963BA-991E-55B3-F18E-AC9E3812A5F3}
		{04B5FCA6-530F-86D8-AA2F-93EE0DE47A9F} = {143963BA-991E-55B3-F18E-AC9E3812A5F3}
		{EDD0AAF6-2852-A9D1-DAD8-AC2F5686F491} = {143963BA-991E-55B3-F18E-AC9E3812A5F3}
		{13350587-9391-D798-95B5-9ED164DFBAD7} = {143963BA-991E-55B3-F18E-AC9E3812A5F3}
		{F789A377-A070-7D87-D5A6-00706CB1ADD2} = {143963BA-991E-55B3-F18E-AC9E3812A5F3}
		{9065F768-BCFD-9A0B-145C-323AA799D2F5} = {143963BA-991E-55B3-F18E-AC9E3812A5F3}
		{99817020-6954-1058-556F-86AF3ABCA4AB} = {143963BA-991E-55B3-F18E-AC9E3812A5F3}
	EndGlobalSection
	GlobalSection(ExtensibilityGlobals) = postSolution
		SolutionGuid = {5A3E866A-DF0C-4519-A1C0-E489159664E5}
	EndGlobalSection
EndGlobal
